
Microsoft Visual Studio Solution File, Format Version 12.00
# Visual Studio Version 17
VisualStudioVersion = 17.1.32421.90
MinimumVisualStudioVersion = 10.0.40219.1
Project("{9A19103F-16F7-4668-BE54-9A1E7A4F7556}") = "TesterUI", "TesterUI\TesterUI.csproj", "{323E1B68-DE25-4B86-A194-93DA55DEECE2}"
EndProject
Project("{9A19103F-16F7-4668-BE54-9A1E7A4F7556}") = "CountryCsvGenerator", "CountryCsvGenerator\CountryCsvGenerator.csproj", "{EAAD1FB5-5F93-43A2-AFAB-54CEE732C661}"
EndProject
Project("{9A19103F-16F7-4668-BE54-9A1E7A4F7556}") = "JsonFileGenerator", "JsonFileGenerator\JsonFileGenerator.csproj", "{F29C183E-2707-4732-BE25-006665691E7C}"
EndProject
Project("{9A19103F-16F7-4668-BE54-9A1E7A4F7556}") = "Common", "Common\Common.csproj", "{11F20202-F233-4737-8CAF-13D37607B22F}"
EndProject
Project("{9A19103F-16F7-4668-BE54-9A1E7A4F7556}") = "ImageFilesMatcher", "ImageFilesMatcher\ImageFilesMatcher.csproj", "{C0522315-7276-4661-A8E7-7AD248490910}"
EndProject
Global
	GlobalSection(SolutionConfigurationPlatforms) = preSolution
		Debug|Any CPU = Debug|Any CPU
		Release|Any CPU = Release|Any CPU
	EndGlobalSection
	GlobalSection(ProjectConfigurationPlatforms) = postSolution
		{323E1B68-DE25-4B86-A194-93DA55DEECE2}.Debug|Any CPU.ActiveCfg = Debug|Any CPU
		{323E1B68-DE25-4B86-A194-93DA55DEECE2}.Debug|Any CPU.Build.0 = Debug|Any CPU
		{323E1B68-DE25-4B86-A194-93DA55DEECE2}.Release|Any CPU.ActiveCfg = Release|Any CPU
		{323E1B68-DE25-4B86-A194-93DA55DEECE2}.Release|Any CPU.Build.0 = Release|Any CPU
		{EAAD1FB5-5F93-43A2-AFAB-54CEE732C661}.Debug|Any CPU.ActiveCfg = Debug|Any CPU
		{EAAD1FB5-5F93-43A2-AFAB-54CEE732C661}.Debug|Any CPU.Build.0 = Debug|Any CPU
		{EAAD1FB5-5F93-43A2-AFAB-54CEE732C661}.Release|Any CPU.ActiveCfg = Release|Any CPU
		{EAAD1FB5-5F93-43A2-AFAB-54CEE732C661}.Release|Any CPU.Build.0 = Release|Any CPU
		{F29C183E-2707-4732-BE25-006665691E7C}.Debug|Any CPU.ActiveCfg = Debug|Any CPU
		{F29C183E-2707-4732-BE25-006665691E7C}.Debug|Any CPU.Build.0 = Debug|Any CPU
		{F29C183E-2707-4732-BE25-006665691E7C}.Release|Any CPU.ActiveCfg = Release|Any CPU
		{F29C183E-2707-4732-BE25-006665691E7C}.Release|Any CPU.Build.0 = Release|Any CPU
		{11F20202-F233-4737-8CAF-13D37607B22F}.Debug|Any CPU.ActiveCfg = Debug|Any CPU
		{11F20202-F233-4737-8CAF-13D37607B22F}.Debug|Any CPU.Build.0 = Debug|Any CPU
		{11F20202-F233-4737-8CAF-13D37607B22F}.Release|Any CPU.ActiveCfg = Release|Any CPU
		{11F20202-F233-4737-8CAF-13D37607B22F}.Release|Any CPU.Build.0 = Release|Any CPU
		{C0522315-7276-4661-A8E7-7AD248490910}.Debug|Any CPU.ActiveCfg = Debug|Any CPU
		{C0522315-7276-4661-A8E7-7AD248490910}.Debug|Any CPU.Build.0 = Debug|Any CPU
		{C0522315-7276-4661-A8E7-7AD248490910}.Release|Any CPU.ActiveCfg = Release|Any CPU
		{C0522315-7276-4661-A8E7-7AD248490910}.Release|Any CPU.Build.0 = Release|Any CPU
	EndGlobalSection
	GlobalSection(SolutionProperties) = preSolution
		HideSolutionNode = FALSE
	EndGlobalSection
	GlobalSection(ExtensibilityGlobals) = postSolution
		SolutionGuid = {00BF06BF-C010-4AC1-9F95-8F92BA73962D}
	EndGlobalSection
EndGlobal
